{
    "name": "native-one-dark",
    "version": "0.0.3",
    "lockfileVersion": 2,
    "requires": true,
    "packages": {
        "": {
            "name": "native-one-dark",
            "version": "0.0.3",
            "engines": {
                "vscode": "^1.66.0"
            }
        }
    }
}
